// !$*UTF8*$!
{
	archiveVersion = 1;
	classes = {
	};
	objectVersion = 46;
	objects = {

/* Begin PBXBuildFile section */
		5277A1841BAEF55A00C59690 /* AppDelegate.swift in Sources */ = {isa = PBXBuildFile; fileRef = 5277A1831BAEF55A00C59690 /* AppDelegate.swift */; };
		5277A1861BAEF55A00C59690 /* FirstViewController.swift in Sources */ = {isa = PBXBuildFile; fileRef = 5277A1851BAEF55A00C59690 /* FirstViewController.swift */; };
		5277A18B1BAEF55A00C59690 /* Main.storyboard in Resources */ = {isa = PBXBuildFile; fileRef = 5277A1891BAEF55A00C59690 /* Main.storyboard */; };
		5277A18D1BAEF55A00C59690 /* Images.xcassets in Resources */ = {isa = PBXBuildFile; fileRef = 5277A18C1BAEF55A00C59690 /* Images.xcassets */; };
		5277A1901BAEF55A00C59690 /* LaunchScreen.xib in Resources */ = {isa = PBXBuildFile; fileRef = 5277A18E1BAEF55A00C59690 /* LaunchScreen.xib */; };
		5277A19C1BAEF55A00C59690 /* WonderlandTests.swift in Sources */ = {isa = PBXBuildFile; fileRef = 5277A19B1BAEF55A00C59690 /* WonderlandTests.swift */; };
		5277A1A81BAEFA0500C59690 /* Alice.txt in Resources */ = {isa = PBXBuildFile; fileRef = 5277A1A61BAEFA0500C59690 /* Alice.txt */; };
		5277A1A91BAEFA0500C59690 /* Characters.nsarray in Resources */ = {isa = PBXBuildFile; fileRef = 5277A1A71BAEFA0500C59690 /* Characters.nsarray */; };
		52BF7AD41BB12F07009CD377 /* BookViewController.swift in Sources */ = {isa = PBXBuildFile; fileRef = 52BF7AD31BB12F07009CD377 /* BookViewController.swift */; };
		52BF7AD61BB12F68009CD377 /* BookDataSource.swift in Sources */ = {isa = PBXBuildFile; fileRef = 52BF7AD51BB12F68009CD377 /* BookDataSource.swift */; };
		52BF7AD81BB12FB1009CD377 /* OnePageViewController.swift in Sources */ = {isa = PBXBuildFile; fileRef = 52BF7AD71BB12FB1009CD377 /* OnePageViewController.swift */; };
		52BF7ADA1BB1302A009CD377 /* OnePageView.swift in Sources */ = {isa = PBXBuildFile; fileRef = 52BF7AD91BB1302A009CD377 /* OnePageView.swift */; };
		52BF7ADC1BB131F7009CD377 /* Paginator.swift in Sources */ = {isa = PBXBuildFile; fileRef = 52BF7ADB1BB131F7009CD377 /* Paginator.swift */; };
		52F1EE291BB031AE00617743 /* CharacterTableViewController.swift in Sources */ = {isa = PBXBuildFile; fileRef = 52F1EE281BB031AE00617743 /* CharacterTableViewController.swift */; };
		52F1EE2B1BB031F000617743 /* CharacterDetailViewController.swift in Sources */ = {isa = PBXBuildFile; fileRef = 52F1EE2A1BB031F000617743 /* CharacterDetailViewController.swift */; };
/* End PBXBuildFile section */

/* Begin PBXContainerItemProxy section */
		5277A1961BAEF55A00C59690 /* PBXContainerItemProxy */ = {
			isa = PBXContainerItemProxy;
			containerPortal = 5277A1761BAEF55A00C59690 /* Project object */;
			proxyType = 1;
			remoteGlobalIDString = 5277A17D1BAEF55A00C59690;
			remoteInfo = Wonderland;
		};
/* End PBXContainerItemProxy section */

/* Begin PBXFileReference section */
		5277A17E1BAEF55A00C59690 /* Wonderland.app */ = {isa = PBXFileReference; explicitFileType = wrapper.application; includeInIndex = 0; path = Wonderland.app; sourceTree = BUILT_PRODUCTS_DIR; };
		5277A1821BAEF55A00C59690 /* Info.plist */ = {isa = PBXFileReference; lastKnownFileType = text.plist.xml; path = Info.plist; sourceTree = "<group>"; };
		5277A1831BAEF55A00C59690 /* AppDelegate.swift */ = {isa = PBXFileReference; lastKnownFileType = sourcecode.swift; path = AppDelegate.swift; sourceTree = "<group>"; };
		5277A1851BAEF55A00C59690 /* FirstViewController.swift */ = {isa = PBXFileReference; lastKnownFileType = sourcecode.swift; path = FirstViewController.swift; sourceTree = "<group>"; };
		5277A18A1BAEF55A00C59690 /* Base */ = {isa = PBXFileReference; lastKnownFileType = file.storyboard; name = Base; path = Base.lproj/Main.storyboard; sourceTree = "<group>"; };
		5277A18C1BAEF55A00C59690 /* Images.xcassets */ = {isa = PBXFileReference; lastKnownFileType = folder.assetcatalog; path = Images.xcassets; sourceTree = "<group>"; };
		5277A18F1BAEF55A00C59690 /* Base */ = {isa = PBXFileReference; lastKnownFileType = file.xib; name = Base; path = Base.lproj/LaunchScreen.xib; sourceTree = "<group>"; };
		5277A1951BAEF55A00C59690 /* WonderlandTests.xctest */ = {isa = PBXFileReference; explicitFileType = wrapper.cfbundle; includeInIndex = 0; path = WonderlandTests.xctest; sourceTree = BUILT_PRODUCTS_DIR; };
		5277A19A1BAEF55A00C59690 /* Info.plist */ = {isa = PBXFileReference; lastKnownFileType = text.plist.xml; path = Info.plist; sourceTree = "<group>"; };
		5277A19B1BAEF55A00C59690 /* WonderlandTests.swift */ = {isa = PBXFileReference; lastKnownFileType = sourcecode.swift; path = WonderlandTests.swift; sourceTree = "<group>"; };
		5277A1A61BAEFA0500C59690 /* Alice.txt */ = {isa = PBXFileReference; fileEncoding = 4; lastKnownFileType = text; path = Alice.txt; sourceTree = "<group>"; };
		5277A1A71BAEFA0500C59690 /* Characters.nsarray */ = {isa = PBXFileReference; fileEncoding = 4; lastKnownFileType = text.xml; path = Characters.nsarray; sourceTree = "<group>"; };
		52BF7AD31BB12F07009CD377 /* BookViewController.swift */ = {isa = PBXFileReference; fileEncoding = 4; lastKnownFileType = sourcecode.swift; path = BookViewController.swift; sourceTree = "<group>"; };
		52BF7AD51BB12F68009CD377 /* BookDataSource.swift */ = {isa = PBXFileReference; fileEncoding = 4; lastKnownFileType = sourcecode.swift; path = BookDataSource.swift; sourceTree = "<group>"; };
		52BF7AD71BB12FB1009CD377 /* OnePageViewController.swift */ = {isa = PBXFileReference; fileEncoding = 4; lastKnownFileType = sourcecode.swift; path = OnePageViewController.swift; sourceTree = "<group>"; };
		52BF7AD91BB1302A009CD377 /* OnePageView.swift */ = {isa = PBXFileReference; fileEncoding = 4; lastKnownFileType = sourcecode.swift; path = OnePageView.swift; sourceTree = "<group>"; };
		52BF7ADB1BB131F7009CD377 /* Paginator.swift */ = {isa = PBXFileReference; fileEncoding = 4; lastKnownFileType = sourcecode.swift; path = Paginator.swift; sourceTree = "<group>"; };
		52F1EE281BB031AE00617743 /* CharacterTableViewController.swift */ = {isa = PBXFileReference; fileEncoding = 4; lastKnownFileType = sourcecode.swift; path = CharacterTableViewController.swift; sourceTree = "<group>"; };
		52F1EE2A1BB031F000617743 /* CharacterDetailViewController.swift */ = {isa = PBXFileReference; fileEncoding = 4; lastKnownFileType = sourcecode.swift; path = CharacterDetailViewController.swift; sourceTree = "<group>"; };
/* End PBXFileReference section */

/* Begin PBXFrameworksBuildPhase section */
		5277A17B1BAEF55A00C59690 /* Frameworks */ = {
			isa = PBXFrameworksBuildPhase;
			buildActionMask = 2147483647;
			files = (
			);
			runOnlyForDeploymentPostprocessing = 0;
		};
		5277A1921BAEF55A00C59690 /* Frameworks */ = {
			isa = PBXFrameworksBuildPhase;
			buildActionMask = 2147483647;
			files = (
			);
			runOnlyForDeploymentPostprocessing = 0;
		};
/* End PBXFrameworksBuildPhase section */

/* Begin PBXGroup section */
		5277A1751BAEF55A00C59690 = {
			isa = PBXGroup;
			children = (
				5277A1801BAEF55A00C59690 /* Wonderland */,
				5277A1981BAEF55A00C59690 /* WonderlandTests */,
				5277A17F1BAEF55A00C59690 /* Products */,
			);
			sourceTree = "<group>";
		};
		5277A17F1BAEF55A00C59690 /* Products */ = {
			isa = PBXGroup;
			children = (
				5277A17E1BAEF55A00C59690 /* Wonderland.app */,
				5277A1951BAEF55A00C59690 /* WonderlandTests.xctest */,
			);
			name = Products;
			sourceTree = "<group>";
		};
		5277A1801BAEF55A00C59690 /* Wonderland */ = {
			isa = PBXGroup;
			children = (
				5277A1831BAEF55A00C59690 /* AppDelegate.swift */,
				5277A1851BAEF55A00C59690 /* FirstViewController.swift */,
				52F1EE281BB031AE00617743 /* CharacterTableViewController.swift */,
				52F1EE2A1BB031F000617743 /* CharacterDetailViewController.swift */,
				52BF7AD31BB12F07009CD377 /* BookViewController.swift */,
				52BF7AD51BB12F68009CD377 /* BookDataSource.swift */,
				52BF7AD71BB12FB1009CD377 /* OnePageViewController.swift */,
				52BF7AD91BB1302A009CD377 /* OnePageView.swift */,
				52BF7ADB1BB131F7009CD377 /* Paginator.swift */,
				5277A1891BAEF55A00C59690 /* Main.storyboard */,
				5277A18C1BAEF55A00C59690 /* Images.xcassets */,
				5277A18E1BAEF55A00C59690 /* LaunchScreen.xib */,
				5277A1A51BAEFA0500C59690 /* Data Resources */,
				5277A1811BAEF55A00C59690 /* Supporting Files */,
			);
			path = Wonderland;
			sourceTree = "<group>";
		};
		5277A1811BAEF55A00C59690 /* Supporting Files */ = {
			isa = PBXGroup;
			children = (
				5277A1821BAEF55A00C59690 /* Info.plist */,
			);
			name = "Supporting Files";
			sourceTree = "<group>";
		};
		5277A1981BAEF55A00C59690 /* WonderlandTests */ = {
			isa = PBXGroup;
			children = (
				5277A19B1BAEF55A00C59690 /* WonderlandTests.swift */,
				5277A1991BAEF55A00C59690 /* Supporting Files */,
			);
			path = WonderlandTests;
			sourceTree = "<group>";
		};
		5277A1991BAEF55A00C59690 /* Supporting Files */ = {
			isa = PBXGroup;
			children = (
				5277A19A1BAEF55A00C59690 /* Info.plist */,
			);
			name = "Supporting Files";
			sourceTree = "<group>";
		};
		5277A1A51BAEFA0500C59690 /* Data Resources */ = {
			isa = PBXGroup;
			children = (
				5277A1A61BAEFA0500C59690 /* Alice.txt */,
				5277A1A71BAEFA0500C59690 /* Characters.nsarray */,
			);
			path = "Data Resources";
			sourceTree = "<group>";
		};
/* End PBXGroup section */

/* Begin PBXNativeTarget section */
		5277A17D1BAEF55A00C59690 /* Wonderland */ = {
			isa = PBXNativeTarget;
			buildConfigurationList = 5277A19F1BAEF55A00C59690 /* Build configuration list for PBXNativeTarget "Wonderland" */;
			buildPhases = (
				5277A17A1BAEF55A00C59690 /* Sources */,
				5277A17B1BAEF55A00C59690 /* Frameworks */,
				5277A17C1BAEF55A00C59690 /* Resources */,
			);
			buildRules = (
			);
			dependencies = (
			);
			name = Wonderland;
			productName = Wonderland;
			productReference = 5277A17E1BAEF55A00C59690 /* Wonderland.app */;
			productType = "com.apple.product-type.application";
		};
		5277A1941BAEF55A00C59690 /* WonderlandTests */ = {
			isa = PBXNativeTarget;
			buildConfigurationList = 5277A1A21BAEF55A00C59690 /* Build configuration list for PBXNativeTarget "WonderlandTests" */;
			buildPhases = (
				5277A1911BAEF55A00C59690 /* Sources */,
				5277A1921BAEF55A00C59690 /* Frameworks */,
				5277A1931BAEF55A00C59690 /* Resources */,
			);
			buildRules = (
			);
			dependencies = (
				5277A1971BAEF55A00C59690 /* PBXTargetDependency */,
			);
			name = WonderlandTests;
			productName = WonderlandTests;
			productReference = 5277A1951BAEF55A00C59690 /* WonderlandTests.xctest */;
			productType = "com.apple.product-type.bundle.unit-test";
		};
/* End PBXNativeTarget section */

/* Begin PBXProject section */
		5277A1761BAEF55A00C59690 /* Project object */ = {
			isa = PBXProject;
			attributes = {
				LastUpgradeCheck = 0640;
				ORGANIZATIONNAME = nilpoint.sample;
				TargetAttributes = {
					5277A17D1BAEF55A00C59690 = {
						CreatedOnToolsVersion = 6.4;
					};
					5277A1941BAEF55A00C59690 = {
						CreatedOnToolsVersion = 6.4;
						TestTargetID = 5277A17D1BAEF55A00C59690;
					};
				};
			};
			buildConfigurationList = 5277A1791BAEF55A00C59690 /* Build configuration list for PBXProject "Wonderland" */;
			compatibilityVersion = "Xcode 3.2";
			developmentRegion = English;
			hasScannedForEncodings = 0;
			knownRegions = (
				en,
				Base,
			);
			mainGroup = 5277A1751BAEF55A00C59690;
			productRefGroup = 5277A17F1BAEF55A00C59690 /* Products */;
			projectDirPath = "";
			projectRoot = "";
			targets = (
				5277A17D1BAEF55A00C59690 /* Wonderland */,
				5277A1941BAEF55A00C59690 /* WonderlandTests */,
			);
		};
/* End PBXProject section */

/* Begin PBXResourcesBuildPhase section */
		5277A17C1BAEF55A00C59690 /* Resources */ = {
			isa = PBXResourcesBuildPhase;
			buildActionMask = 2147483647;
			files = (
				5277A18B1BAEF55A00C59690 /* Main.storyboard in Resources */,
				5277A1A81BAEFA0500C59690 /* Alice.txt in Resources */,
				5277A1901BAEF55A00C59690 /* LaunchScreen.xib in Resources */,
				5277A18D1BAEF55A00C59690 /* Images.xcassets in Resources */,
				5277A1A91BAEFA0500C59690 /* Characters.nsarray in Resources */,
			);
			runOnlyForDeploymentPostprocessing = 0;
		};
		5277A1931BAEF55A00C59690 /* Resources */ = {
			isa = PBXResourcesBuildPhase;
			buildActionMask = 2147483647;
			files = (
			);
			runOnlyForDeploymentPostprocessing = 0;
		};
/* End PBXResourcesBuildPhase section */

/* Begin PBXSourcesBuildPhase section */
		5277A17A1BAEF55A00C59690 /* Sources */ = {
			isa = PBXSourcesBuildPhase;
			buildActionMask = 2147483647;
			files = (
				5277A1841BAEF55A00C59690 /* AppDelegate.swift in Sources */,
				52F1EE2B1BB031F000617743 /* CharacterDetailViewController.swift in Sources */,
				52BF7ADC1BB131F7009CD377 /* Paginator.swift in Sources */,
				52BF7AD41BB12F07009CD377 /* BookViewController.swift in Sources */,
				52F1EE291BB031AE00617743 /* CharacterTableViewController.swift in Sources */,
				52BF7AD81BB12FB1009CD377 /* OnePageViewController.swift in Sources */,
				5277A1861BAEF55A00C59690 /* FirstViewController.swift in Sources */,
				52BF7ADA1BB1302A009CD377 /* OnePageView.swift in Sources */,
				52BF7AD61BB12F68009CD377 /* BookDataSource.swift in Sources */,
			);
			runOnlyForDeploymentPostprocessing = 0;
		};
		5277A1911BAEF55A00C59690 /* Sources */ = {
			isa = PBXSourcesBuildPhase;
			buildActionMask = 2147483647;
			files = (
				5277A19C1BAEF55A00C59690 /* WonderlandTests.swift in Sources */,
			);
			runOnlyForDeploymentPostprocessing = 0;
		};
/* End PBXSourcesBuildPhase section */

/* Begin PBXTargetDependency section */
		5277A1971BAEF55A00C59690 /* PBXTargetDependency */ = {
			isa = PBXTargetDependency;
			target = 5277A17D1BAEF55A00C59690 /* Wonderland */;
			targetProxy = 5277A1961BAEF55A00C59690 /* PBXContainerItemProxy */;
		};
/* End PBXTargetDependency section */

/* Begin PBXVariantGroup section */
		5277A1891BAEF55A00C59690 /* Main.storyboard */ = {
			isa = PBXVariantGroup;
			children = (
				5277A18A1BAEF55A00C59690 /* Base */,
			);
			name = Main.storyboard;
			sourceTree = "<group>";
		};
		5277A18E1BAEF55A00C59690 /* LaunchScreen.xib */ = {
			isa = PBXVariantGroup;
			children = (
				5277A18F1BAEF55A00C59690 /* Base */,
			);
			name = LaunchScreen.xib;
			sourceTree = "<group>";
		};
/* End PBXVariantGroup section */

/* Begin XCBuildConfiguration section */
		5277A19D1BAEF55A00C59690 /* Debug */ = {
			isa = XCBuildConfiguration;
			buildSettings = {
				ALWAYS_SEARCH_USER_PATHS = NO;
				CLANG_CXX_LANGUAGE_STANDARD = "gnu++0x";
				CLANG_CXX_LIBRARY = "libc++";
				CLANG_ENABLE_MODULES = YES;
				CLANG_ENABLE_OBJC_ARC = YES;
				CLANG_WARN_BOOL_CONVERSION = YES;
				CLANG_WARN_CONSTANT_CONVERSION = YES;
				CLANG_WARN_DIRECT_OBJC_ISA_USAGE = YES_ERROR;
				CLANG_WARN_EMPTY_BODY = YES;
				CLANG_WARN_ENUM_CONVERSION = YES;
				CLANG_WARN_INT_CONVERSION = YES;
				CLANG_WARN_OBJC_ROOT_CLASS = YES_ERROR;
				CLANG_WARN_UNREACHABLE_CODE = YES;
				CLANG_WARN__DUPLICATE_METHOD_MATCH = YES;
				"CODE_SIGN_IDENTITY[sdk=iphoneos*]" = "iPhone Developer";
				COPY_PHASE_STRIP = NO;
				DEBUG_INFORMATION_FORMAT = "dwarf-with-dsym";
				ENABLE_STRICT_OBJC_MSGSEND = YES;
				GCC_C_LANGUAGE_STANDARD = gnu99;
				GCC_DYNAMIC_NO_PIC = NO;
				GCC_NO_COMMON_BLOCKS = YES;
				GCC_OPTIMIZATION_LEVEL = 0;
				GCC_PREPROCESSOR_DEFINITIONS = (
					"DEBUG=1",
					"$(inherited)",
				);
				GCC_SYMBOLS_PRIVATE_EXTERN = NO;
				GCC_WARN_64_TO_32_BIT_CONVERSION = YES;
				GCC_WARN_ABOUT_RETURN_TYPE = YES_ERROR;
				GCC_WARN_UNDECLARED_SELECTOR = YES;
				GCC_WARN_UNINITIALIZED_AUTOS = YES_AGGRESSIVE;
				GCC_WARN_UNUSED_FUNCTION = YES;
				GCC_WARN_UNUSED_VARIABLE = YES;
				IPHONEOS_DEPLOYMENT_TARGET = 8.4;
				MTL_ENABLE_DEBUG_INFO = YES;
				ONLY_ACTIVE_ARCH = YES;
				SDKROOT = iphoneos;
				SWIFT_OPTIMIZATION_LEVEL = "-Onone";
				TARGETED_DEVICE_FAMILY = "1,2";
			};
			name = Debug;
		};
		5277A19E1BAEF55A00C59690 /* Release */ = {
			isa = XCBuildConfiguration;
			buildSettings = {
				ALWAYS_SEARCH_USER_PATHS = NO;
				CLANG_CXX_LANGUAGE_STANDARD = "gnu++0x";
				CLANG_CXX_LIBRARY = "libc++";
				CLANG_ENABLE_MODULES = YES;
				CLANG_ENABLE_OBJC_ARC = YES;
				CLANG_WARN_BOOL_CONVERSION = YES;
				CLANG_WARN_CONSTANT_CONVERSION = YES;
				CLANG_WARN_DIRECT_OBJC_ISA_USAGE = YES_ERROR;
				CLANG_WARN_EMPTY_BODY = YES;
				CLANG_WARN_ENUM_CONVERSION = YES;
				CLANG_WARN_INT_CONVERSION = YES;
				CLANG_WARN_OBJC_ROOT_CLASS = YES_ERROR;
				CLANG_WARN_UNREACHABLE_CODE = YES;
				CLANG_WARN__DUPLICATE_METHOD_MATCH = YES;
				"CODE_SIGN_IDENTITY[sdk=iphoneos*]" = "iPhone Developer";
				COPY_PHASE_STRIP = NO;
				DEBUG_INFORMATION_FORMAT = "dwarf-with-dsym";
				ENABLE_NS_ASSERTIONS = NO;
				ENABLE_STRICT_OBJC_MSGSEND = YES;
				GCC_C_LANGUAGE_STANDARD = gnu99;
				GCC_NO_COMMON_BLOCKS = YES;
				GCC_WARN_64_TO_32_BIT_CONVERSION = YES;
				GCC_WARN_ABOUT_RETURN_TYPE = YES_ERROR;
				GCC_WARN_UNDECLARED_SELECTOR = YES;
				GCC_WARN_UNINITIALIZED_AUTOS = YES_AGGRESSIVE;
				GCC_WARN_UNUSED_FUNCTION = YES;
				GCC_WARN_UNUSED_VARIABLE = YES;
				IPHONEOS_DEPLOYMENT_TARGET = 8.4;
				MTL_ENABLE_DEBUG_INFO = NO;
				SDKROOT = iphoneos;
				TARGETED_DEVICE_FAMILY = "1,2";
				VALIDATE_PRODUCT = YES;
			};
			name = Release;
		};
		5277A1A01BAEF55A00C59690 /* Debug */ = {
			isa = XCBuildConfiguration;
			buildSettings = {
				ASSETCATALOG_COMPILER_APPICON_NAME = AppIcon;
				INFOPLIST_FILE = Wonderland/Info.plist;
				LD_RUNPATH_SEARCH_PATHS = "$(inherited) @executable_path/Frameworks";
				PRODUCT_NAME = "$(TARGET_NAME)";
			};
			name = Debug;
		};
		5277A1A11BAEF55A00C59690 /* Release */ = {
			isa = XCBuildConfiguration;
			buildSettings = {
				ASSETCATALOG_COMPILER_APPICON_NAME = AppIcon;
				INFOPLIST_FILE = Wonderland/Info.plist;
				LD_RUNPATH_SEARCH_PATHS = "$(inherited) @executable_path/Frameworks";
				PRODUCT_NAME = "$(TARGET_NAME)";
			};
			name = Release;
		};
		5277A1A31BAEF55A00C59690 /* Debug */ = {
			isa = XCBuildConfiguration;
			buildSettings = {
				BUNDLE_LOADER = "$(TEST_HOST)";
				FRAMEWORK_SEARCH_PATHS = (
					"$(SDKROOT)/Developer/Library/Frameworks",
					"$(inherited)",
				);
				GCC_PREPROCESSOR_DEFINITIONS = (
					"DEBUG=1",
					"$(inherited)",
				);
				INFOPLIST_FILE = WonderlandTests/Info.plist;
				LD_RUNPATH_SEARCH_PATHS = "$(inherited) @executable_path/Frameworks @loader_path/Frameworks";
				PRODUCT_NAME = "$(TARGET_NAME)";
				TEST_HOST = "$(BUILT_PRODUCTS_DIR)/Wonderland.app/Wonderland";
			};
			name = Debug;
		};
		5277A1A41BAEF55A00C59690 /* Release */ = {
			isa = XCBuildConfiguration;
			buildSettings = {
				BUNDLE_LOADER = "$(TEST_HOST)";
				FRAMEWORK_SEARCH_PATHS = (
					"$(SDKROOT)/Developer/Library/Frameworks",
					"$(inherited)",
				);
				INFOPLIST_FILE = WonderlandTests/Info.plist;
				LD_RUNPATH_SEARCH_PATHS = "$(inherited) @executable_path/Frameworks @loader_path/Frameworks";
				PRODUCT_NAME = "$(TARGET_NAME)";
				TEST_HOST = "$(BUILT_PRODUCTS_DIR)/Wonderland.app/Wonderland";
			};
			name = Release;
		};
/* End XCBuildConfiguration section */

/* Begin XCConfigurationList section */
		5277A1791BAEF55A00C59690 /* Build configuration list for PBXProject "Wonderland" */ = {
			isa = XCConfigurationList;
			buildConfigurations = (
				5277A19D1BAEF55A00C59690 /* Debug */,
				5277A19E1BAEF55A00C59690 /* Release */,
			);
			defaultConfigurationIsVisible = 0;
			defaultConfigurationName = Release;
		};
		5277A19F1BAEF55A00C59690 /* Build configuration list for PBXNativeTarget "Wonderland" */ = {
			isa = XCConfigurationList;
			buildConfigurations = (
				5277A1A01BAEF55A00C59690 /* Debug */,
				5277A1A11BAEF55A00C59690 /* Release */,
			);
			defaultConfigurationIsVisible = 0;
			defaultConfigurationName = Release;
		};
		5277A1A21BAEF55A00C59690 /* Build configuration list for PBXNativeTarget "WonderlandTests" */ = {
			isa = XCConfigurationList;
			buildConfigurations = (
				5277A1A31BAEF55A00C59690 /* Debug */,
				5277A1A41BAEF55A00C59690 /* Release */,
			);
			defaultConfigurationIsVisible = 0;
			defaultConfigurationName = Release;
		};
/* End XCConfigurationList section */
	};
	rootObject = 5277A1761BAEF55A00C59690 /* Project object */;
}
